
Microsoft Visual Studio Solution File, Format Version 12.00
# Visual Studio Version 16
VisualStudioVersion = 16.0.28917.181
MinimumVisualStudioVersion = 10.0.40219.1
Project("{FAE04EC0-301F-11D3-BF4B-00C04F79EFBC}") = "MR.PATROL11", "MR.PATROL11.csproj", "{89BBE826-B4D2-43D0-B757-B83A3D1B07CC}"
EndProject
Global
	GlobalSection(SolutionConfigurationPlatforms) = preSolution
		Debug|Any CPU = Debug|Any CPU
		Release|Any CPU = Release|Any CPU
	EndGlobalSection
	GlobalSection(ProjectConfigurationPlatforms) = postSolution
		{89BBE826-B4D2-43D0-B757-B83A3D1B07CC}.Debug|Any CPU.ActiveCfg = Debug|Any CPU
		{89BBE826-B4D2-43D0-B757-B83A3D1B07CC}.Debug|Any CPU.Build.0 = Debug|Any CPU
		{89BBE826-B4D2-43D0-B757-B83A3D1B07CC}.Release|Any CPU.ActiveCfg = Release|Any CPU
		{89BBE826-B4D2-43D0-B757-B83A3D1B07CC}.Release|Any CPU.Build.0 = Release|Any CPU
	EndGlobalSection
	GlobalSection(SolutionProperties) = preSolution
		HideSolutionNode = FALSE
	EndGlobalSection
	GlobalSection(ExtensibilityGlobals) = postSolution
		SolutionGuid = {06545410-3548-41DD-9AB5-2A1A4472E62B}
	EndGlobalSection
EndGlobal
